
Microsoft Visual Studio Solution File, Format Version 12.00
# Visual Studio Version 17
VisualStudioVersion = 17.13.35828.75 d17.13
MinimumVisualStudioVersion = 10.0.40219.1
Project("{FAE04EC0-301F-11D3-BF4B-00C04F79EFBC}") = "cv08", "cv08.csproj", "{864D2EFF-E5AF-7D69-6EC7-D2B9B8E05F6D}"
EndProject
Global
	GlobalSection(SolutionConfigurationPlatforms) = preSolution
		Debug|Any CPU = Debug|Any CPU
		Release|Any CPU = Release|Any CPU
	EndGlobalSection
	GlobalSection(ProjectConfigurationPlatforms) = postSolution
		{864D2EFF-E5AF-7D69-6EC7-D2B9B8E05F6D}.Debug|Any CPU.ActiveCfg = Debug|Any CPU
		{864D2EFF-E5AF-7D69-6EC7-D2B9B8E05F6D}.Debug|Any CPU.Build.0 = Debug|Any CPU
		{864D2EFF-E5AF-7D69-6EC7-D2B9B8E05F6D}.Release|Any CPU.ActiveCfg = Release|Any CPU
		{864D2EFF-E5AF-7D69-6EC7-D2B9B8E05F6D}.Release|Any CPU.Build.0 = Release|Any CPU
	EndGlobalSection
	GlobalSection(SolutionProperties) = preSolution
		HideSolutionNode = FALSE
	EndGlobalSection
	GlobalSection(ExtensibilityGlobals) = postSolution
		SolutionGuid = {62F310DB-3D1F-4002-AE3A-BA20EFD76C79}
	EndGlobalSection
EndGlobal
